
Microsoft Visual Studio Solution File, Format Version 12.00
# Visual Studio Version 16
VisualStudioVersion = 16.0.29519.181
MinimumVisualStudioVersion = 10.0.40219.1
Project("{FAE04EC0-301F-11D3-BF4B-00C04F79EFBC}") = "BilibiliMangaAutoClockIn", "BilibiliMangaAutoClockIn\BilibiliMangaAutoClockIn.csproj", "{455DE564-4B62-4834-9D29-4996A2EA5C68}"
EndProject
Project("{FAE04EC0-301F-11D3-BF4B-00C04F79EFBC}") = "BilibiliApi", "BilibiliApi\BilibiliApi.csproj", "{4D2275A6-1723-45F1-861F-50EA81823327}"
EndProject
Global
	GlobalSection(SolutionConfigurationPlatforms) = preSolution
		Debug|Any CPU = Debug|Any CPU
		Release|Any CPU = Release|Any CPU
	EndGlobalSection
	GlobalSection(ProjectConfigurationPlatforms) = postSolution
		{455DE564-4B62-4834-9D29-4996A2EA5C68}.Debug|Any CPU.ActiveCfg = Debug|Any CPU
		{455DE564-4B62-4834-9D29-4996A2EA5C68}.Debug|Any CPU.Build.0 = Debug|Any CPU
		{455DE564-4B62-4834-9D29-4996A2EA5C68}.Release|Any CPU.ActiveCfg = Release|Any CPU
		{455DE564-4B62-4834-9D29-4996A2EA5C68}.Release|Any CPU.Build.0 = Release|Any CPU
		{4D2275A6-1723-45F1-861F-50EA81823327}.Debug|Any CPU.ActiveCfg = Debug|Any CPU
		{4D2275A6-1723-45F1-861F-50EA81823327}.Debug|Any CPU.Build.0 = Debug|Any CPU
		{4D2275A6-1723-45F1-861F-50EA81823327}.Release|Any CPU.ActiveCfg = Release|Any CPU
		{4D2275A6-1723-45F1-861F-50EA81823327}.Release|Any CPU.Build.0 = Release|Any CPU
	EndGlobalSection
	GlobalSection(SolutionProperties) = preSolution
		HideSolutionNode = FALSE
	EndGlobalSection
	GlobalSection(ExtensibilityGlobals) = postSolution
		SolutionGuid = {23B79CCA-4CE1-4D8A-9D0B-A7358FFC7CD2}
	EndGlobalSection
EndGlobal
